
Microsoft Visual Studio Solution File, Format Version 12.00
# Visual Studio Version 17
VisualStudioVersion = 17.8.34322.80
MinimumVisualStudioVersion = 10.0.40219.1
Project("{2150E333-8FDC-42A3-9474-1A3956D46DE8}") = "Services", "Services", "{B88F6189-B729-4519-974F-0838245B50B8}"
EndProject
Project("{2150E333-8FDC-42A3-9474-1A3956D46DE8}") = "Catalog", "Catalog", "{5078B2F0-C6F9-4D45-87E6-0D2CF1A2B1BF}"
EndProject
Project("{FAE04EC0-301F-11D3-BF4B-00C04F79EFBC}") = "Catalog.API", "Services\Catalog\Catalog.API\Catalog.API.csproj", "{CA6C65F9-2045-43A0-AD26-B4C51690FAFB}"
EndProject
Global
	GlobalSection(SolutionConfigurationPlatforms) = preSolution
		Debug|Any CPU = Debug|Any CPU
		Release|Any CPU = Release|Any CPU
	EndGlobalSection
	GlobalSection(ProjectConfigurationPlatforms) = postSolution
		{CA6C65F9-2045-43A0-AD26-B4C51690FAFB}.Debug|Any CPU.ActiveCfg = Debug|Any CPU
		{CA6C65F9-2045-43A0-AD26-B4C51690FAFB}.Debug|Any CPU.Build.0 = Debug|Any CPU
		{CA6C65F9-2045-43A0-AD26-B4C51690FAFB}.Release|Any CPU.ActiveCfg = Release|Any CPU
		{CA6C65F9-2045-43A0-AD26-B4C51690FAFB}.Release|Any CPU.Build.0 = Release|Any CPU
	EndGlobalSection
	GlobalSection(SolutionProperties) = preSolution
		HideSolutionNode = FALSE
	EndGlobalSection
	GlobalSection(NestedProjects) = preSolution
		{5078B2F0-C6F9-4D45-87E6-0D2CF1A2B1BF} = {B88F6189-B729-4519-974F-0838245B50B8}
		{CA6C65F9-2045-43A0-AD26-B4C51690FAFB} = {5078B2F0-C6F9-4D45-87E6-0D2CF1A2B1BF}
	EndGlobalSection
	GlobalSection(ExtensibilityGlobals) = postSolution
		SolutionGuid = {321A4E27-2B60-4C00-BD95-B9B2CA4F730D}
	EndGlobalSection
EndGlobal
